// !$*UTF8*$!
{
	archiveVersion = 1;
	classes = {
	};
	objectVersion = 50;
	objects = {

/* Begin PBXBuildFile section */
		1BF9EDE32394207900A36E89 /* AppDelegate.swift in Sources */ = {isa = PBXBuildFile; fileRef = 1BF9EDE22394207900A36E89 /* AppDelegate.swift */; };
		1BF9EDE52394207900A36E89 /* SceneDelegate.swift in Sources */ = {isa = PBXBuildFile; fileRef = 1BF9EDE42394207900A36E89 /* SceneDelegate.swift */; };
		1BF9EDE72394207900A36E89 /* ContentView.swift in Sources */ = {isa = PBXBuildFile; fileRef = 1BF9EDE62394207900A36E89 /* ContentView.swift */; };
		1BF9EDE92394207B00A36E89 /* Assets.xcassets in Resources */ = {isa = PBXBuildFile; fileRef = 1BF9EDE82394207B00A36E89 /* Assets.xcassets */; };
		1BF9EDEC2394207B00A36E89 /* Preview Assets.xcassets in Resources */ = {isa = PBXBuildFile; fileRef = 1BF9EDEB2394207B00A36E89 /* Preview Assets.xcassets */; };
		1BF9EDEF2394207B00A36E89 /* LaunchScreen.storyboard in Resources */ = {isa = PBXBuildFile; fileRef = 1BF9EDED2394207B00A36E89 /* LaunchScreen.storyboard */; };
/* End PBXBuildFile section */

/* Begin PBXFileReference section */
		1BF9EDDF2394207900A36E89 /* SwiftCheatSheet.app */ = {isa = PBXFileReference; explicitFileType = wrapper.application; includeInIndex = 0; path = SwiftCheatSheet.app; sourceTree = BUILT_PRODUCTS_DIR; };
		1BF9EDE22394207900A36E89 /* AppDelegate.swift */ = {isa = PBXFileReference; lastKnownFileType = sourcecode.swift; path = AppDelegate.swift; sourceTree = "<group>"; };
		1BF9EDE42394207900A36E89 /* SceneDelegate.swift */ = {isa = PBXFileReference; lastKnownFileType = sourcecode.swift; path = SceneDelegate.swift; sourceTree = "<group>"; };
		1BF9EDE62394207900A36E89 /* ContentView.swift */ = {isa = PBXFileReference; lastKnownFileType = sourcecode.swift; path = ContentView.swift; sourceTree = "<group>"; };
		1BF9EDE82394207B00A36E89 /* Assets.xcassets */ = {isa = PBXFileReference; lastKnownFileType = folder.assetcatalog; path = Assets.xcassets; sourceTree = "<group>"; };
		1BF9EDEB2394207B00A36E89 /* Preview Assets.xcassets */ = {isa = PBXFileReference; lastKnownFileType = folder.assetcatalog; path = "Preview Assets.xcassets"; sourceTree = "<group>"; };
		1BF9EDEE2394207B00A36E89 /* Base */ = {isa = PBXFileReference; lastKnownFileType = file.storyboard; name = Base; path = Base.lproj/LaunchScreen.storyboard; sourceTree = "<group>"; };
		1BF9EDF02394207B00A36E89 /* Info.plist */ = {isa = PBXFileReference; lastKnownFileType = text.plist.xml; path = Info.plist; sourceTree = "<group>"; };
		1BF9EDF62394209A00A36E89 /* StringCheatSheet.playground */ = {isa = PBXFileReference; lastKnownFileType = file.playground; path = StringCheatSheet.playground; sourceTree = "<group>"; xcLanguageSpecificationIdentifier = xcode.lang.swift; };
		1BF9EDF72394467000A36E89 /* CollectionCheatSheet.playground */ = {isa = PBXFileReference; lastKnownFileType = file.playground; path = CollectionCheatSheet.playground; sourceTree = "<group>"; xcLanguageSpecificationIdentifier = xcode.lang.swift; };
		1BF9EDF8239496D700A36E89 /* ControlFlowCheatSheet.playground */ = {isa = PBXFileReference; lastKnownFileType = file.playground; path = ControlFlowCheatSheet.playground; sourceTree = "<group>"; xcLanguageSpecificationIdentifier = xcode.lang.swift; };
/* End PBXFileReference section */

/* Begin PBXFrameworksBuildPhase section */
		1BF9EDDC2394207900A36E89 /* Frameworks */ = {
			isa = PBXFrameworksBuildPhase;
			buildActionMask = 2147483647;
			files = (
			);
			runOnlyForDeploymentPostprocessing = 0;
		};
/* End PBXFrameworksBuildPhase section */

/* Begin PBXGroup section */
		1BF9EDD62394207900A36E89 = {
			isa = PBXGroup;
			children = (
				1BF9EDF8239496D700A36E89 /* ControlFlowCheatSheet.playground */,
				1BF9EDF72394467000A36E89 /* CollectionCheatSheet.playground */,
				1BF9EDF62394209A00A36E89 /* StringCheatSheet.playground */,
				1BF9EDE12394207900A36E89 /* SwiftCheatSheet */,
				1BF9EDE02394207900A36E89 /* Products */,
			);
			sourceTree = "<group>";
		};
		1BF9EDE02394207900A36E89 /* Products */ = {
			isa = PBXGroup;
			children = (
				1BF9EDDF2394207900A36E89 /* SwiftCheatSheet.app */,
			);
			name = Products;
			sourceTree = "<group>";
		};
		1BF9EDE12394207900A36E89 /* SwiftCheatSheet */ = {
			isa = PBXGroup;
			children = (
				1BF9EDE22394207900A36E89 /* AppDelegate.swift */,
				1BF9EDE42394207900A36E89 /* SceneDelegate.swift */,
				1BF9EDE62394207900A36E89 /* ContentView.swift */,
				1BF9EDE82394207B00A36E89 /* Assets.xcassets */,
				1BF9EDED2394207B00A36E89 /* LaunchScreen.storyboard */,
				1BF9EDF02394207B00A36E89 /* Info.plist */,
				1BF9EDEA2394207B00A36E89 /* Preview Content */,
			);
			path = SwiftCheatSheet;
			sourceTree = "<group>";
		};
		1BF9EDEA2394207B00A36E89 /* Preview Content */ = {
			isa = PBXGroup;
			children = (
				1BF9EDEB2394207B00A36E89 /* Preview Assets.xcassets */,
			);
			path = "Preview Content";
			sourceTree = "<group>";
		};
/* End PBXGroup section */

/* Begin PBXNativeTarget section */
		1BF9EDDE2394207900A36E89 /* SwiftCheatSheet */ = {
			isa = PBXNativeTarget;
			buildConfigurationList = 1BF9EDF32394207B00A36E89 /* Build configuration list for PBXNativeTarget "SwiftCheatSheet" */;
			buildPhases = (
				1BF9EDDB2394207900A36E89 /* Sources */,
				1BF9EDDC2394207900A36E89 /* Frameworks */,
				1BF9EDDD2394207900A36E89 /* Resources */,
			);
			buildRules = (
			);
			dependencies = (
			);
			name = SwiftCheatSheet;
			productName = SwiftCheatSheet;
			productReference = 1BF9EDDF2394207900A36E89 /* SwiftCheatSheet.app */;
			productType = "com.apple.product-type.application";
		};
/* End PBXNativeTarget section */

/* Begin PBXProject section */
		1BF9EDD72394207900A36E89 /* Project object */ = {
			isa = PBXProject;
			attributes = {
				LastSwiftUpdateCheck = 1120;
				LastUpgradeCheck = 1120;
				ORGANIZATIONNAME = NinjaMeowJi;
				TargetAttributes = {
					1BF9EDDE2394207900A36E89 = {
						CreatedOnToolsVersion = 11.2.1;
					};
				};
			};
			buildConfigurationList = 1BF9EDDA2394207900A36E89 /* Build configuration list for PBXProject "SwiftCheatSheet" */;
			compatibilityVersion = "Xcode 9.3";
			developmentRegion = en;
			hasScannedForEncodings = 0;
			knownRegions = (
				en,
				Base,
			);
			mainGroup = 1BF9EDD62394207900A36E89;
			productRefGroup = 1BF9EDE02394207900A36E89 /* Products */;
			projectDirPath = "";
			projectRoot = "";
			targets = (
				1BF9EDDE2394207900A36E89 /* SwiftCheatSheet */,
			);
		};
/* End PBXProject section */

/* Begin PBXResourcesBuildPhase section */
		1BF9EDDD2394207900A36E89 /* Resources */ = {
			isa = PBXResourcesBuildPhase;
			buildActionMask = 2147483647;
			files = (
				1BF9EDEF2394207B00A36E89 /* LaunchScreen.storyboard in Resources */,
				1BF9EDEC2394207B00A36E89 /* Preview Assets.xcassets in Resources */,
				1BF9EDE92394207B00A36E89 /* Assets.xcassets in Resources */,
			);
			runOnlyForDeploymentPostprocessing = 0;
		};
/* End PBXResourcesBuildPhase section */

/* Begin PBXSourcesBuildPhase section */
		1BF9EDDB2394207900A36E89 /* Sources */ = {
			isa = PBXSourcesBuildPhase;
			buildActionMask = 2147483647;
			files = (
				1BF9EDE32394207900A36E89 /* AppDelegate.swift in Sources */,
				1BF9EDE52394207900A36E89 /* SceneDelegate.swift in Sources */,
				1BF9EDE72394207900A36E89 /* ContentView.swift in Sources */,
			);
			runOnlyForDeploymentPostprocessing = 0;
		};
/* End PBXSourcesBuildPhase section */

/* Begin PBXVariantGroup section */
		1BF9EDED2394207B00A36E89 /* LaunchScreen.storyboard */ = {
			isa = PBXVariantGroup;
			children = (
				1BF9EDEE2394207B00A36E89 /* Base */,
			);
			name = LaunchScreen.storyboard;
			sourceTree = "<group>";
		};
/* End PBXVariantGroup section */

/* Begin XCBuildConfiguration section */
		1BF9EDF12394207B00A36E89 /* Debug */ = {
			isa = XCBuildConfiguration;
			buildSettings = {
				ALWAYS_SEARCH_USER_PATHS = NO;
				CLANG_ANALYZER_NONNULL = YES;
				CLANG_ANALYZER_NUMBER_OBJECT_CONVERSION = YES_AGGRESSIVE;
				CLANG_CXX_LANGUAGE_STANDARD = "gnu++14";
				CLANG_CXX_LIBRARY = "libc++";
				CLANG_ENABLE_MODULES = YES;
				CLANG_ENABLE_OBJC_ARC = YES;
				CLANG_ENABLE_OBJC_WEAK = YES;
				CLANG_WARN_BLOCK_CAPTURE_AUTORELEASING = YES;
				CLANG_WARN_BOOL_CONVERSION = YES;
				CLANG_WARN_COMMA = YES;
				CLANG_WARN_CONSTANT_CONVERSION = YES;
				CLANG_WARN_DEPRECATED_OBJC_IMPLEMENTATIONS = YES;
				CLANG_WARN_DIRECT_OBJC_ISA_USAGE = YES_ERROR;
				CLANG_WARN_DOCUMENTATION_COMMENTS = YES;
				CLANG_WARN_EMPTY_BODY = YES;
				CLANG_WARN_ENUM_CONVERSION = YES;
				CLANG_WARN_INFINITE_RECURSION = YES;
				CLANG_WARN_INT_CONVERSION = YES;
				CLANG_WARN_NON_LITERAL_NULL_CONVERSION = YES;
				CLANG_WARN_OBJC_IMPLICIT_RETAIN_SELF = YES;
				CLANG_WARN_OBJC_LITERAL_CONVERSION = YES;
				CLANG_WARN_OBJC_ROOT_CLASS = YES_ERROR;
				CLANG_WARN_RANGE_LOOP_ANALYSIS = YES;
				CLANG_WARN_STRICT_PROTOTYPES = YES;
				CLANG_WARN_SUSPICIOUS_MOVE = YES;
				CLANG_WARN_UNGUARDED_AVAILABILITY = YES_AGGRESSIVE;
				CLANG_WARN_UNREACHABLE_CODE = YES;
				CLANG_WARN__DUPLICATE_METHOD_MATCH = YES;
				COPY_PHASE_STRIP = NO;
				DEBUG_INFORMATION_FORMAT = dwarf;
				ENABLE_STRICT_OBJC_MSGSEND = YES;
				ENABLE_TESTABILITY = YES;
				GCC_C_LANGUAGE_STANDARD = gnu11;
				GCC_DYNAMIC_NO_PIC = NO;
				GCC_NO_COMMON_BLOCKS = YES;
				GCC_OPTIMIZATION_LEVEL = 0;
				GCC_PREPROCESSOR_DEFINITIONS = (
					"DEBUG=1",
					"$(inherited)",
				);
				GCC_WARN_64_TO_32_BIT_CONVERSION = YES;
				GCC_WARN_ABOUT_RETURN_TYPE = YES_ERROR;
				GCC_WARN_UNDECLARED_SELECTOR = YES;
				GCC_WARN_UNINITIALIZED_AUTOS = YES_AGGRESSIVE;
				GCC_WARN_UNUSED_FUNCTION = YES;
				GCC_WARN_UNUSED_VARIABLE = YES;
				IPHONEOS_DEPLOYMENT_TARGET = 13.2;
				MTL_ENABLE_DEBUG_INFO = INCLUDE_SOURCE;
				MTL_FAST_MATH = YES;
				ONLY_ACTIVE_ARCH = YES;
				SDKROOT = iphoneos;
				SWIFT_ACTIVE_COMPILATION_CONDITIONS = DEBUG;
				SWIFT_OPTIMIZATION_LEVEL = "-Onone";
			};
			name = Debug;
		};
		1BF9EDF22394207B00A36E89 /* Release */ = {
			isa = XCBuildConfiguration;
			buildSettings = {
				ALWAYS_SEARCH_USER_PATHS = NO;
				CLANG_ANALYZER_NONNULL = YES;
				CLANG_ANALYZER_NUMBER_OBJECT_CONVERSION = YES_AGGRESSIVE;
				CLANG_CXX_LANGUAGE_STANDARD = "gnu++14";
				CLANG_CXX_LIBRARY = "libc++";
				CLANG_ENABLE_MODULES = YES;
				CLANG_ENABLE_OBJC_ARC = YES;
				CLANG_ENABLE_OBJC_WEAK = YES;
				CLANG_WARN_BLOCK_CAPTURE_AUTORELEASING = YES;
				CLANG_WARN_BOOL_CONVERSION = YES;
				CLANG_WARN_COMMA = YES;
				CLANG_WARN_CONSTANT_CONVERSION = YES;
				CLANG_WARN_DEPRECATED_OBJC_IMPLEMENTATIONS = YES;
				CLANG_WARN_DIRECT_OBJC_ISA_USAGE = YES_ERROR;
				CLANG_WARN_DOCUMENTATION_COMMENTS = YES;
				CLANG_WARN_EMPTY_BODY = YES;
				CLANG_WARN_ENUM_CONVERSION = YES;
				CLANG_WARN_INFINITE_RECURSION = YES;
				CLANG_WARN_INT_CONVERSION = YES;
				CLANG_WARN_NON_LITERAL_NULL_CONVERSION = YES;
				CLANG_WARN_OBJC_IMPLICIT_RETAIN_SELF = YES;
				CLANG_WARN_OBJC_LITERAL_CONVERSION = YES;
				CLANG_WARN_OBJC_ROOT_CLASS = YES_ERROR;
				CLANG_WARN_RANGE_LOOP_ANALYSIS = YES;
				CLANG_WARN_STRICT_PROTOTYPES = YES;
				CLANG_WARN_SUSPICIOUS_MOVE = YES;
				CLANG_WARN_UNGUARDED_AVAILABILITY = YES_AGGRESSIVE;
				CLANG_WARN_UNREACHABLE_CODE = YES;
				CLANG_WARN__DUPLICATE_METHOD_MATCH = YES;
				COPY_PHASE_STRIP = NO;
				DEBUG_INFORMATION_FORMAT = "dwarf-with-dsym";
				ENABLE_NS_ASSERTIONS = NO;
				ENABLE_STRICT_OBJC_MSGSEND = YES;
				GCC_C_LANGUAGE_STANDARD = gnu11;
				GCC_NO_COMMON_BLOCKS = YES;
				GCC_WARN_64_TO_32_BIT_CONVERSION = YES;
				GCC_WARN_ABOUT_RETURN_TYPE = YES_ERROR;
				GCC_WARN_UNDECLARED_SELECTOR = YES;
				GCC_WARN_UNINITIALIZED_AUTOS = YES_AGGRESSIVE;
				GCC_WARN_UNUSED_FUNCTION = YES;
				GCC_WARN_UNUSED_VARIABLE = YES;
				IPHONEOS_DEPLOYMENT_TARGET = 13.2;
				MTL_ENABLE_DEBUG_INFO = NO;
				MTL_FAST_MATH = YES;
				SDKROOT = iphoneos;
				SWIFT_COMPILATION_MODE = wholemodule;
				SWIFT_OPTIMIZATION_LEVEL = "-O";
				VALIDATE_PRODUCT = YES;
			};
			name = Release;
		};
		1BF9EDF42394207B00A36E89 /* Debug */ = {
			isa = XCBuildConfiguration;
			buildSettings = {
				ASSETCATALOG_COMPILER_APPICON_NAME = AppIcon;
				CODE_SIGN_STYLE = Automatic;
				DEVELOPMENT_ASSET_PATHS = "\"SwiftCheatSheet/Preview Content\"";
				ENABLE_PREVIEWS = YES;
				INFOPLIST_FILE = SwiftCheatSheet/Info.plist;
				LD_RUNPATH_SEARCH_PATHS = (
					"$(inherited)",
					"@executable_path/Frameworks",
				);
				PRODUCT_BUNDLE_IDENTIFIER = NinjaMeowJi.SwiftCheatSheet;
				PRODUCT_NAME = "$(TARGET_NAME)";
				SWIFT_VERSION = 5.0;
				TARGETED_DEVICE_FAMILY = "1,2";
			};
			name = Debug;
		};
		1BF9EDF52394207B00A36E89 /* Release */ = {
			isa = XCBuildConfiguration;
			buildSettings = {
				ASSETCATALOG_COMPILER_APPICON_NAME = AppIcon;
				CODE_SIGN_STYLE = Automatic;
				DEVELOPMENT_ASSET_PATHS = "\"SwiftCheatSheet/Preview Content\"";
				ENABLE_PREVIEWS = YES;
				INFOPLIST_FILE = SwiftCheatSheet/Info.plist;
				LD_RUNPATH_SEARCH_PATHS = (
					"$(inherited)",
					"@executable_path/Frameworks",
				);
				PRODUCT_BUNDLE_IDENTIFIER = NinjaMeowJi.SwiftCheatSheet;
				PRODUCT_NAME = "$(TARGET_NAME)";
				SWIFT_VERSION = 5.0;
				TARGETED_DEVICE_FAMILY = "1,2";
			};
			name = Release;
		};
/* End XCBuildConfiguration section */

/* Begin XCConfigurationList section */
		1BF9EDDA2394207900A36E89 /* Build configuration list for PBXProject "SwiftCheatSheet" */ = {
			isa = XCConfigurationList;
			buildConfigurations = (
				1BF9EDF12394207B00A36E89 /* Debug */,
				1BF9EDF22394207B00A36E89 /* Release */,
			);
			defaultConfigurationIsVisible = 0;
			defaultConfigurationName = Release;
		};
		1BF9EDF32394207B00A36E89 /* Build configuration list for PBXNativeTarget "SwiftCheatSheet" */ = {
			isa = XCConfigurationList;
			buildConfigurations = (
				1BF9EDF42394207B00A36E89 /* Debug */,
				1BF9EDF52394207B00A36E89 /* Release */,
			);
			defaultConfigurationIsVisible = 0;
			defaultConfigurationName = Release;
		};
/* End XCConfigurationList section */
	};
	rootObject = 1BF9EDD72394207900A36E89 /* Project object */;
}
